
Microsoft Visual Studio Solution File, Format Version 12.00
# Visual Studio Version 16
VisualStudioVersion = 16.0.30404.54
MinimumVisualStudioVersion = 10.0.40219.1
Project("{FAE04EC0-301F-11D3-BF4B-00C04F79EFBC}") = "ApplyInk.Common", "ApplyInk.Common\ApplyInk.Common.csproj", "{76794114-9AA7-4F99-8B5A-BDDDB3792C9B}"
EndProject
Project("{FAE04EC0-301F-11D3-BF4B-00C04F79EFBC}") = "ApplyInk.Web", "ApplyInk.Web\ApplyInk.Web.csproj", "{DCAC2C5B-2B0C-4AE9-80BB-E980C86379CD}"
EndProject
Global
	GlobalSection(SolutionConfigurationPlatforms) = preSolution
		Debug|Any CPU = Debug|Any CPU
		Release|Any CPU = Release|Any CPU
	EndGlobalSection
	GlobalSection(ProjectConfigurationPlatforms) = postSolution
		{76794114-9AA7-4F99-8B5A-BDDDB3792C9B}.Debug|Any CPU.ActiveCfg = Debug|Any CPU
		{76794114-9AA7-4F99-8B5A-BDDDB3792C9B}.Debug|Any CPU.Build.0 = Debug|Any CPU
		{76794114-9AA7-4F99-8B5A-BDDDB3792C9B}.Release|Any CPU.ActiveCfg = Release|Any CPU
		{76794114-9AA7-4F99-8B5A-BDDDB3792C9B}.Release|Any CPU.Build.0 = Release|Any CPU
		{DCAC2C5B-2B0C-4AE9-80BB-E980C86379CD}.Debug|Any CPU.ActiveCfg = Debug|Any CPU
		{DCAC2C5B-2B0C-4AE9-80BB-E980C86379CD}.Debug|Any CPU.Build.0 = Debug|Any CPU
		{DCAC2C5B-2B0C-4AE9-80BB-E980C86379CD}.Release|Any CPU.ActiveCfg = Release|Any CPU
		{DCAC2C5B-2B0C-4AE9-80BB-E980C86379CD}.Release|Any CPU.Build.0 = Release|Any CPU
	EndGlobalSection
	GlobalSection(SolutionProperties) = preSolution
		HideSolutionNode = FALSE
	EndGlobalSection
	GlobalSection(ExtensibilityGlobals) = postSolution
		SolutionGuid = {9FDBA274-4BEE-4C98-AB9A-D144BD927AD8}
	EndGlobalSection
EndGlobal
