
Microsoft Visual Studio Solution File, Format Version 12.00
# Visual Studio Version 16
VisualStudioVersion = 16.0.30404.54
MinimumVisualStudioVersion = 10.0.40219.1
Project("{9A19103F-16F7-4668-BE54-9A1E7A4F7556}") = "ApplyInk.Common", "ApplyInk.Common\ApplyInk.Common.csproj", "{76794114-9AA7-4F99-8B5A-BDDDB3792C9B}"
EndProject
Project("{9A19103F-16F7-4668-BE54-9A1E7A4F7556}") = "ApplyInk.Web", "ApplyInk.Web\ApplyInk.Web.csproj", "{DCAC2C5B-2B0C-4AE9-80BB-E980C86379CD}"
EndProject
Project("{FAE04EC0-301F-11D3-BF4B-00C04F79EFBC}") = "ApplyInk.Prism", "ApplyInk.Prism\ApplyInk.Prism\ApplyInk.Prism.csproj", "{6FB45E8F-BCFF-4A64-B90B-2B87445F1BAE}"
EndProject
Project("{FAE04EC0-301F-11D3-BF4B-00C04F79EFBC}") = "ApplyInk.Prism.Android", "ApplyInk.Prism\ApplyInk.Prism.Android\ApplyInk.Prism.Android.csproj", "{D4D656B9-9618-49A5-8642-5C895DDC79FC}"
EndProject
Project("{FAE04EC0-301F-11D3-BF4B-00C04F79EFBC}") = "ApplyInk.Prism.iOS", "ApplyInk.Prism\ApplyInk.Prism.iOS\ApplyInk.Prism.iOS.csproj", "{08C81BC1-E805-467E-AD4E-DC9348867059}"
EndProject
Global
	GlobalSection(SolutionConfigurationPlatforms) = preSolution
		Ad-Hoc|Any CPU = Ad-Hoc|Any CPU
		Ad-Hoc|iPhone = Ad-Hoc|iPhone
		Ad-Hoc|iPhoneSimulator = Ad-Hoc|iPhoneSimulator
		AppStore|Any CPU = AppStore|Any CPU
		AppStore|iPhone = AppStore|iPhone
		AppStore|iPhoneSimulator = AppStore|iPhoneSimulator
		Debug|Any CPU = Debug|Any CPU
		Debug|iPhone = Debug|iPhone
		Debug|iPhoneSimulator = Debug|iPhoneSimulator
		Release|Any CPU = Release|Any CPU
		Release|iPhone = Release|iPhone
		Release|iPhoneSimulator = Release|iPhoneSimulator
	EndGlobalSection
	GlobalSection(ProjectConfigurationPlatforms) = postSolution
		{76794114-9AA7-4F99-8B5A-BDDDB3792C9B}.Ad-Hoc|Any CPU.ActiveCfg = Release|Any CPU
		{76794114-9AA7-4F99-8B5A-BDDDB3792C9B}.Ad-Hoc|Any CPU.Build.0 = Release|Any CPU
		{76794114-9AA7-4F99-8B5A-BDDDB3792C9B}.Ad-Hoc|iPhone.ActiveCfg = Release|Any CPU
		{76794114-9AA7-4F99-8B5A-BDDDB3792C9B}.Ad-Hoc|iPhone.Build.0 = Release|Any CPU
		{76794114-9AA7-4F99-8B5A-BDDDB3792C9B}.Ad-Hoc|iPhoneSimulator.ActiveCfg = Release|Any CPU
		{76794114-9AA7-4F99-8B5A-BDDDB3792C9B}.Ad-Hoc|iPhoneSimulator.Build.0 = Release|Any CPU
		{76794114-9AA7-4F99-8B5A-BDDDB3792C9B}.AppStore|Any CPU.ActiveCfg = Release|Any CPU
		{76794114-9AA7-4F99-8B5A-BDDDB3792C9B}.AppStore|Any CPU.Build.0 = Release|Any CPU
		{76794114-9AA7-4F99-8B5A-BDDDB3792C9B}.AppStore|iPhone.ActiveCfg = Release|Any CPU
		{76794114-9AA7-4F99-8B5A-BDDDB3792C9B}.AppStore|iPhone.Build.0 = Release|Any CPU
		{76794114-9AA7-4F99-8B5A-BDDDB3792C9B}.AppStore|iPhoneSimulator.ActiveCfg = Release|Any CPU
		{76794114-9AA7-4F99-8B5A-BDDDB3792C9B}.AppStore|iPhoneSimulator.Build.0 = Release|Any CPU
		{76794114-9AA7-4F99-8B5A-BDDDB3792C9B}.Debug|Any CPU.ActiveCfg = Debug|Any CPU
		{76794114-9AA7-4F99-8B5A-BDDDB3792C9B}.Debug|Any CPU.Build.0 = Debug|Any CPU
		{76794114-9AA7-4F99-8B5A-BDDDB3792C9B}.Debug|iPhone.ActiveCfg = Debug|Any CPU
		{76794114-9AA7-4F99-8B5A-BDDDB3792C9B}.Debug|iPhone.Build.0 = Debug|Any CPU
		{76794114-9AA7-4F99-8B5A-BDDDB3792C9B}.Debug|iPhoneSimulator.ActiveCfg = Debug|Any CPU
		{76794114-9AA7-4F99-8B5A-BDDDB3792C9B}.Debug|iPhoneSimulator.Build.0 = Debug|Any CPU
		{76794114-9AA7-4F99-8B5A-BDDDB3792C9B}.Release|Any CPU.ActiveCfg = Release|Any CPU
		{76794114-9AA7-4F99-8B5A-BDDDB3792C9B}.Release|Any CPU.Build.0 = Release|Any CPU
		{76794114-9AA7-4F99-8B5A-BDDDB3792C9B}.Release|iPhone.ActiveCfg = Release|Any CPU
		{76794114-9AA7-4F99-8B5A-BDDDB3792C9B}.Release|iPhone.Build.0 = Release|Any CPU
		{76794114-9AA7-4F99-8B5A-BDDDB3792C9B}.Release|iPhoneSimulator.ActiveCfg = Release|Any CPU
		{76794114-9AA7-4F99-8B5A-BDDDB3792C9B}.Release|iPhoneSimulator.Build.0 = Release|Any CPU
		{DCAC2C5B-2B0C-4AE9-80BB-E980C86379CD}.Ad-Hoc|Any CPU.ActiveCfg = Release|Any CPU
		{DCAC2C5B-2B0C-4AE9-80BB-E980C86379CD}.Ad-Hoc|Any CPU.Build.0 = Release|Any CPU
		{DCAC2C5B-2B0C-4AE9-80BB-E980C86379CD}.Ad-Hoc|iPhone.ActiveCfg = Release|Any CPU
		{DCAC2C5B-2B0C-4AE9-80BB-E980C86379CD}.Ad-Hoc|iPhone.Build.0 = Release|Any CPU
		{DCAC2C5B-2B0C-4AE9-80BB-E980C86379CD}.Ad-Hoc|iPhoneSimulator.ActiveCfg = Release|Any CPU
		{DCAC2C5B-2B0C-4AE9-80BB-E980C86379CD}.Ad-Hoc|iPhoneSimulator.Build.0 = Release|Any CPU
		{DCAC2C5B-2B0C-4AE9-80BB-E980C86379CD}.AppStore|Any CPU.ActiveCfg = Release|Any CPU
		{DCAC2C5B-2B0C-4AE9-80BB-E980C86379CD}.AppStore|Any CPU.Build.0 = Release|Any CPU
		{DCAC2C5B-2B0C-4AE9-80BB-E980C86379CD}.AppStore|iPhone.ActiveCfg = Release|Any CPU
		{DCAC2C5B-2B0C-4AE9-80BB-E980C86379CD}.AppStore|iPhone.Build.0 = Release|Any CPU
		{DCAC2C5B-2B0C-4AE9-80BB-E980C86379CD}.AppStore|iPhoneSimulator.ActiveCfg = Release|Any CPU
		{DCAC2C5B-2B0C-4AE9-80BB-E980C86379CD}.AppStore|iPhoneSimulator.Build.0 = Release|Any CPU
		{DCAC2C5B-2B0C-4AE9-80BB-E980C86379CD}.Debug|Any CPU.ActiveCfg = Debug|Any CPU
		{DCAC2C5B-2B0C-4AE9-80BB-E980C86379CD}.Debug|Any CPU.Build.0 = Debug|Any CPU
		{DCAC2C5B-2B0C-4AE9-80BB-E980C86379CD}.Debug|iPhone.ActiveCfg = Debug|Any CPU
		{DCAC2C5B-2B0C-4AE9-80BB-E980C86379CD}.Debug|iPhone.Build.0 = Debug|Any CPU
		{DCAC2C5B-2B0C-4AE9-80BB-E980C86379CD}.Debug|iPhoneSimulator.ActiveCfg = Debug|Any CPU
		{DCAC2C5B-2B0C-4AE9-80BB-E980C86379CD}.Debug|iPhoneSimulator.Build.0 = Debug|Any CPU
		{DCAC2C5B-2B0C-4AE9-80BB-E980C86379CD}.Release|Any CPU.ActiveCfg = Release|Any CPU
		{DCAC2C5B-2B0C-4AE9-80BB-E980C86379CD}.Release|Any CPU.Build.0 = Release|Any CPU
		{DCAC2C5B-2B0C-4AE9-80BB-E980C86379CD}.Release|iPhone.ActiveCfg = Release|Any CPU
		{DCAC2C5B-2B0C-4AE9-80BB-E980C86379CD}.Release|iPhone.Build.0 = Release|Any CPU
		{DCAC2C5B-2B0C-4AE9-80BB-E980C86379CD}.Release|iPhoneSimulator.ActiveCfg = Release|Any CPU
		{DCAC2C5B-2B0C-4AE9-80BB-E980C86379CD}.Release|iPhoneSimulator.Build.0 = Release|Any CPU
		{6FB45E8F-BCFF-4A64-B90B-2B87445F1BAE}.Ad-Hoc|Any CPU.ActiveCfg = Debug|Any CPU
		{6FB45E8F-BCFF-4A64-B90B-2B87445F1BAE}.Ad-Hoc|Any CPU.Build.0 = Debug|Any CPU
		{6FB45E8F-BCFF-4A64-B90B-2B87445F1BAE}.Ad-Hoc|iPhone.ActiveCfg = Debug|Any CPU
		{6FB45E8F-BCFF-4A64-B90B-2B87445F1BAE}.Ad-Hoc|iPhone.Build.0 = Debug|Any CPU
		{6FB45E8F-BCFF-4A64-B90B-2B87445F1BAE}.Ad-Hoc|iPhoneSimulator.ActiveCfg = Debug|Any CPU
		{6FB45E8F-BCFF-4A64-B90B-2B87445F1BAE}.Ad-Hoc|iPhoneSimulator.Build.0 = Debug|Any CPU
		{6FB45E8F-BCFF-4A64-B90B-2B87445F1BAE}.AppStore|Any CPU.ActiveCfg = Debug|Any CPU
		{6FB45E8F-BCFF-4A64-B90B-2B87445F1BAE}.AppStore|Any CPU.Build.0 = Debug|Any CPU
		{6FB45E8F-BCFF-4A64-B90B-2B87445F1BAE}.AppStore|iPhone.ActiveCfg = Debug|Any CPU
		{6FB45E8F-BCFF-4A64-B90B-2B87445F1BAE}.AppStore|iPhone.Build.0 = Debug|Any CPU
		{6FB45E8F-BCFF-4A64-B90B-2B87445F1BAE}.AppStore|iPhoneSimulator.ActiveCfg = Debug|Any CPU
		{6FB45E8F-BCFF-4A64-B90B-2B87445F1BAE}.AppStore|iPhoneSimulator.Build.0 = Debug|Any CPU
		{6FB45E8F-BCFF-4A64-B90B-2B87445F1BAE}.Debug|Any CPU.ActiveCfg = Debug|Any CPU
		{6FB45E8F-BCFF-4A64-B90B-2B87445F1BAE}.Debug|Any CPU.Build.0 = Debug|Any CPU
		{6FB45E8F-BCFF-4A64-B90B-2B87445F1BAE}.Debug|iPhone.ActiveCfg = Debug|Any CPU
		{6FB45E8F-BCFF-4A64-B90B-2B87445F1BAE}.Debug|iPhone.Build.0 = Debug|Any CPU
		{6FB45E8F-BCFF-4A64-B90B-2B87445F1BAE}.Debug|iPhoneSimulator.ActiveCfg = Debug|Any CPU
		{6FB45E8F-BCFF-4A64-B90B-2B87445F1BAE}.Debug|iPhoneSimulator.Build.0 = Debug|Any CPU
		{6FB45E8F-BCFF-4A64-B90B-2B87445F1BAE}.Release|Any CPU.ActiveCfg = Release|Any CPU
		{6FB45E8F-BCFF-4A64-B90B-2B87445F1BAE}.Release|Any CPU.Build.0 = Release|Any CPU
		{6FB45E8F-BCFF-4A64-B90B-2B87445F1BAE}.Release|iPhone.ActiveCfg = Release|Any CPU
		{6FB45E8F-BCFF-4A64-B90B-2B87445F1BAE}.Release|iPhone.Build.0 = Release|Any CPU
		{6FB45E8F-BCFF-4A64-B90B-2B87445F1BAE}.Release|iPhoneSimulator.ActiveCfg = Release|Any CPU
		{6FB45E8F-BCFF-4A64-B90B-2B87445F1BAE}.Release|iPhoneSimulator.Build.0 = Release|Any CPU
		{D4D656B9-9618-49A5-8642-5C895DDC79FC}.Ad-Hoc|Any CPU.ActiveCfg = Release|Any CPU
		{D4D656B9-9618-49A5-8642-5C895DDC79FC}.Ad-Hoc|Any CPU.Build.0 = Release|Any CPU
		{D4D656B9-9618-49A5-8642-5C895DDC79FC}.Ad-Hoc|Any CPU.Deploy.0 = Release|Any CPU
		{D4D656B9-9618-49A5-8642-5C895DDC79FC}.Ad-Hoc|iPhone.ActiveCfg = Release|Any CPU
		{D4D656B9-9618-49A5-8642-5C895DDC79FC}.Ad-Hoc|iPhone.Build.0 = Release|Any CPU
		{D4D656B9-9618-49A5-8642-5C895DDC79FC}.Ad-Hoc|iPhone.Deploy.0 = Release|Any CPU
		{D4D656B9-9618-49A5-8642-5C895DDC79FC}.Ad-Hoc|iPhoneSimulator.ActiveCfg = Release|Any CPU
		{D4D656B9-9618-49A5-8642-5C895DDC79FC}.Ad-Hoc|iPhoneSimulator.Build.0 = Release|Any CPU
		{D4D656B9-9618-49A5-8642-5C895DDC79FC}.Ad-Hoc|iPhoneSimulator.Deploy.0 = Release|Any CPU
		{D4D656B9-9618-49A5-8642-5C895DDC79FC}.AppStore|Any CPU.ActiveCfg = Release|Any CPU
		{D4D656B9-9618-49A5-8642-5C895DDC79FC}.AppStore|Any CPU.Build.0 = Release|Any CPU
		{D4D656B9-9618-49A5-8642-5C895DDC79FC}.AppStore|Any CPU.Deploy.0 = Release|Any CPU
		{D4D656B9-9618-49A5-8642-5C895DDC79FC}.AppStore|iPhone.ActiveCfg = Release|Any CPU
		{D4D656B9-9618-49A5-8642-5C895DDC79FC}.AppStore|iPhone.Build.0 = Release|Any CPU
		{D4D656B9-9618-49A5-8642-5C895DDC79FC}.AppStore|iPhone.Deploy.0 = Release|Any CPU
		{D4D656B9-9618-49A5-8642-5C895DDC79FC}.AppStore|iPhoneSimulator.ActiveCfg = Release|Any CPU
		{D4D656B9-9618-49A5-8642-5C895DDC79FC}.AppStore|iPhoneSimulator.Build.0 = Release|Any CPU
		{D4D656B9-9618-49A5-8642-5C895DDC79FC}.AppStore|iPhoneSimulator.Deploy.0 = Release|Any CPU
		{D4D656B9-9618-49A5-8642-5C895DDC79FC}.Debug|Any CPU.ActiveCfg = Debug|Any CPU
		{D4D656B9-9618-49A5-8642-5C895DDC79FC}.Debug|Any CPU.Build.0 = Debug|Any CPU
		{D4D656B9-9618-49A5-8642-5C895DDC79FC}.Debug|Any CPU.Deploy.0 = Debug|Any CPU
		{D4D656B9-9618-49A5-8642-5C895DDC79FC}.Debug|iPhone.ActiveCfg = Debug|Any CPU
		{D4D656B9-9618-49A5-8642-5C895DDC79FC}.Debug|iPhone.Build.0 = Debug|Any CPU
		{D4D656B9-9618-49A5-8642-5C895DDC79FC}.Debug|iPhone.Deploy.0 = Debug|Any CPU
		{D4D656B9-9618-49A5-8642-5C895DDC79FC}.Debug|iPhoneSimulator.ActiveCfg = Debug|Any CPU
		{D4D656B9-9618-49A5-8642-5C895DDC79FC}.Debug|iPhoneSimulator.Build.0 = Debug|Any CPU
		{D4D656B9-9618-49A5-8642-5C895DDC79FC}.Debug|iPhoneSimulator.Deploy.0 = Debug|Any CPU
		{D4D656B9-9618-49A5-8642-5C895DDC79FC}.Release|Any CPU.ActiveCfg = Release|Any CPU
		{D4D656B9-9618-49A5-8642-5C895DDC79FC}.Release|Any CPU.Build.0 = Release|Any CPU
		{D4D656B9-9618-49A5-8642-5C895DDC79FC}.Release|Any CPU.Deploy.0 = Release|Any CPU
		{D4D656B9-9618-49A5-8642-5C895DDC79FC}.Release|iPhone.ActiveCfg = Release|Any CPU
		{D4D656B9-9618-49A5-8642-5C895DDC79FC}.Release|iPhone.Build.0 = Release|Any CPU
		{D4D656B9-9618-49A5-8642-5C895DDC79FC}.Release|iPhone.Deploy.0 = Release|Any CPU
		{D4D656B9-9618-49A5-8642-5C895DDC79FC}.Release|iPhoneSimulator.ActiveCfg = Release|Any CPU
		{D4D656B9-9618-49A5-8642-5C895DDC79FC}.Release|iPhoneSimulator.Build.0 = Release|Any CPU
		{D4D656B9-9618-49A5-8642-5C895DDC79FC}.Release|iPhoneSimulator.Deploy.0 = Release|Any CPU
		{08C81BC1-E805-467E-AD4E-DC9348867059}.Ad-Hoc|Any CPU.ActiveCfg = Ad-Hoc|iPhone
		{08C81BC1-E805-467E-AD4E-DC9348867059}.Ad-Hoc|iPhone.ActiveCfg = Ad-Hoc|iPhone
		{08C81BC1-E805-467E-AD4E-DC9348867059}.Ad-Hoc|iPhone.Build.0 = Ad-Hoc|iPhone
		{08C81BC1-E805-467E-AD4E-DC9348867059}.Ad-Hoc|iPhoneSimulator.ActiveCfg = Ad-Hoc|iPhoneSimulator
		{08C81BC1-E805-467E-AD4E-DC9348867059}.Ad-Hoc|iPhoneSimulator.Build.0 = Ad-Hoc|iPhoneSimulator
		{08C81BC1-E805-467E-AD4E-DC9348867059}.AppStore|Any CPU.ActiveCfg = AppStore|iPhone
		{08C81BC1-E805-467E-AD4E-DC9348867059}.AppStore|iPhone.ActiveCfg = AppStore|iPhone
		{08C81BC1-E805-467E-AD4E-DC9348867059}.AppStore|iPhone.Build.0 = AppStore|iPhone
		{08C81BC1-E805-467E-AD4E-DC9348867059}.AppStore|iPhoneSimulator.ActiveCfg = AppStore|iPhoneSimulator
		{08C81BC1-E805-467E-AD4E-DC9348867059}.AppStore|iPhoneSimulator.Build.0 = AppStore|iPhoneSimulator
		{08C81BC1-E805-467E-AD4E-DC9348867059}.Debug|Any CPU.ActiveCfg = Debug|iPhone
		{08C81BC1-E805-467E-AD4E-DC9348867059}.Debug|iPhone.ActiveCfg = Debug|iPhone
		{08C81BC1-E805-467E-AD4E-DC9348867059}.Debug|iPhone.Build.0 = Debug|iPhone
		{08C81BC1-E805-467E-AD4E-DC9348867059}.Debug|iPhoneSimulator.ActiveCfg = Debug|iPhoneSimulator
		{08C81BC1-E805-467E-AD4E-DC9348867059}.Debug|iPhoneSimulator.Build.0 = Debug|iPhoneSimulator
		{08C81BC1-E805-467E-AD4E-DC9348867059}.Release|Any CPU.ActiveCfg = Release|iPhone
		{08C81BC1-E805-467E-AD4E-DC9348867059}.Release|iPhone.ActiveCfg = Release|iPhone
		{08C81BC1-E805-467E-AD4E-DC9348867059}.Release|iPhone.Build.0 = Release|iPhone
		{08C81BC1-E805-467E-AD4E-DC9348867059}.Release|iPhoneSimulator.ActiveCfg = Release|iPhoneSimulator
		{08C81BC1-E805-467E-AD4E-DC9348867059}.Release|iPhoneSimulator.Build.0 = Release|iPhoneSimulator
	EndGlobalSection
	GlobalSection(SolutionProperties) = preSolution
		HideSolutionNode = FALSE
	EndGlobalSection
	GlobalSection(ExtensibilityGlobals) = postSolution
		SolutionGuid = {9FDBA274-4BEE-4C98-AB9A-D144BD927AD8}
	EndGlobalSection
EndGlobal
